
Microsoft Visual Studio Solution File, Format Version 12.00
# Visual Studio 15
VisualStudioVersion = 15.0.27004.2010
MinimumVisualStudioVersion = 10.0.40219.1
Project("{FAE04EC0-301F-11D3-BF4B-00C04F79EFBC}") = "FridgeLynxieServer", "FridgeLynxieServer\FridgeLynxieServer.csproj", "{B68485BE-7FE9-4062-8691-2DC41F1E7C57}"
EndProject
Project("{FAE04EC0-301F-11D3-BF4B-00C04F79EFBC}") = "LynxieDatabaseProvider2", "LynxieDatabaseProvider2\LynxieDatabaseProvider2.csproj", "{5A825B48-3F47-4BE0-9E1A-7D7F41600BE4}"
EndProject
Global
	GlobalSection(SolutionConfigurationPlatforms) = preSolution
		Debug|Any CPU = Debug|Any CPU
		Release|Any CPU = Release|Any CPU
	EndGlobalSection
	GlobalSection(ProjectConfigurationPlatforms) = postSolution
		{B68485BE-7FE9-4062-8691-2DC41F1E7C57}.Debug|Any CPU.ActiveCfg = Debug|Any CPU
		{B68485BE-7FE9-4062-8691-2DC41F1E7C57}.Debug|Any CPU.Build.0 = Debug|Any CPU
		{B68485BE-7FE9-4062-8691-2DC41F1E7C57}.Release|Any CPU.ActiveCfg = Release|Any CPU
		{B68485BE-7FE9-4062-8691-2DC41F1E7C57}.Release|Any CPU.Build.0 = Release|Any CPU
		{5A825B48-3F47-4BE0-9E1A-7D7F41600BE4}.Debug|Any CPU.ActiveCfg = Debug|Any CPU
		{5A825B48-3F47-4BE0-9E1A-7D7F41600BE4}.Debug|Any CPU.Build.0 = Debug|Any CPU
		{5A825B48-3F47-4BE0-9E1A-7D7F41600BE4}.Release|Any CPU.ActiveCfg = Release|Any CPU
		{5A825B48-3F47-4BE0-9E1A-7D7F41600BE4}.Release|Any CPU.Build.0 = Release|Any CPU
	EndGlobalSection
	GlobalSection(SolutionProperties) = preSolution
		HideSolutionNode = FALSE
	EndGlobalSection
	GlobalSection(ExtensibilityGlobals) = postSolution
		SolutionGuid = {AFF14183-15E3-4CBD-9325-BDE73F9ED250}
	EndGlobalSection
EndGlobal
